
Microsoft Visual Studio Solution File, Format Version 12.00
# Visual Studio Version 16
VisualStudioVersion = 16.0.30225.117
MinimumVisualStudioVersion = 10.0.40219.1
Project("{9A19103F-16F7-4668-BE54-9A1E7A4F7556}") = "GenericForm", "GenericForm\GenericForm.csproj", "{ED6DF1CB-0A07-42F8-BF1B-79CCF8E1BDF0}"
EndProject
Global
	GlobalSection(SolutionConfigurationPlatforms) = preSolution
		Debug|Any CPU = Debug|Any CPU
		Release|Any CPU = Release|Any CPU
	EndGlobalSection
	GlobalSection(ProjectConfigurationPlatforms) = postSolution
		{ED6DF1CB-0A07-42F8-BF1B-79CCF8E1BDF0}.Debug|Any CPU.ActiveCfg = Debug|Any CPU
		{ED6DF1CB-0A07-42F8-BF1B-79CCF8E1BDF0}.Debug|Any CPU.Build.0 = Debug|Any CPU
		{ED6DF1CB-0A07-42F8-BF1B-79CCF8E1BDF0}.Release|Any CPU.ActiveCfg = Release|Any CPU
		{ED6DF1CB-0A07-42F8-BF1B-79CCF8E1BDF0}.Release|Any CPU.Build.0 = Release|Any CPU
	EndGlobalSection
	GlobalSection(SolutionProperties) = preSolution
		HideSolutionNode = FALSE
	EndGlobalSection
	GlobalSection(ExtensibilityGlobals) = postSolution
		SolutionGuid = {973CE620-C788-415D-8F61-21A63AEA758B}
	EndGlobalSection
EndGlobal
